Microsoft Visual Studio Solution File, Format Version 12.00
# Visual Studio Version 17
VisualStudioVersion = 17.3.32825.248
MinimumVisualStudioVersion = 10.0.40219.1
Project("{E24C65DC-7377-472B-9ABA-BC803B73C61A}") = "_rimworld", "_rimworld\", "{7F0798FB-0D7A-477C-B54D-4DD3586A3520}"
	ProjectSection(WebsiteProperties) = preProject
		TargetFrameworkMoniker = ".NETFramework,Version%3Dv3.5"
		Debug.AspNetCompiler.VirtualPath = "/localhost_6785"
		Debug.AspNetCompiler.PhysicalPath = "_rimworld\"
		Debug.AspNetCompiler.TargetPath = "PrecompiledWeb\localhost_6785\"
		Debug.AspNetCompiler.Updateable = "true"
		Debug.AspNetCompiler.ForceOverwrite = "true"
		Debug.AspNetCompiler.FixedNames = "false"
		Debug.AspNetCompiler.Debug = "True"
		Release.AspNetCompiler.VirtualPath = "/localhost_6785"
		Release.AspNetCompiler.PhysicalPath = "_rimworld\"
		Release.AspNetCompiler.TargetPath = "PrecompiledWeb\localhost_6785\"
		Release.AspNetCompiler.Updateable = "true"
		Release.AspNetCompiler.ForceOverwrite = "true"
		Release.AspNetCompiler.FixedNames = "false"
		Release.AspNetCompiler.Debug = "False"
		VWDPort = "6785"
		SlnRelativePath = "_rimworld\"
		DefaultWebSiteLanguage = "Visual C#"
	EndProjectSection
EndProject
Project("{2150E333-8FDC-42A3-9474-1A3956D46DE8}") = "1.0", "1.0", "{5C271BD3-C48A-4483-8B46-021258AE61ED}"
EndProject
Project("{2150E333-8FDC-42A3-9474-1A3956D46DE8}") = "1.1", "1.1", "{8B0AB8D4-3D92-4E3E-8164-DC5964EEE7A2}"
EndProject
Project("{FAE04EC0-301F-11D3-BF4B-00C04F79EFBC}") = "NanoRepairTech", "1.0\NanoRepairTech.csproj", "{A4D13460-56BE-4177-A0F5-98F3887875C9}"
EndProject
Project("{FAE04EC0-301F-11D3-BF4B-00C04F79EFBC}") = "NanoRepairTech", "1.1\NanoRepairTech.csproj", "{CD50FEEF-C915-411D-9260-3BB3A025D8CD}"
EndProject
Project("{2150E333-8FDC-42A3-9474-1A3956D46DE8}") = "1.2", "1.2", "{0CB5DE5D-3964-420B-AACB-15E056D7AF6F}"
EndProject
Project("{FAE04EC0-301F-11D3-BF4B-00C04F79EFBC}") = "NanoRepairTech", "1.2\NanoRepairTech.csproj", "{FA411E5A-1DC0-4885-A085-B6D205DA323A}"
EndProject
Project("{2150E333-8FDC-42A3-9474-1A3956D46DE8}") = "1.3", "1.3", "{F74BD89C-FA6E-4261-B1A2-D6F7AA527869}"
EndProject
Project("{FAE04EC0-301F-11D3-BF4B-00C04F79EFBC}") = "NanoRepairTech", "1.3\NanoRepairTech.csproj", "{2F8A517C-F80D-4415-9CE9-1041F2D1FE09}"
EndProject
Project("{2150E333-8FDC-42A3-9474-1A3956D46DE8}") = "1.4", "1.4", "{98955395-759A-4C1B-A4C1-800022F2EF55}"
EndProject
Project("{FAE04EC0-301F-11D3-BF4B-00C04F79EFBC}") = "NanoRepairTech", "1.4\NanoRepairTech.csproj", "{9C360423-FB2C-4D6E-8149-71836364952B}"
EndProject
Global
	GlobalSection(SolutionConfigurationPlatforms) = preSolution
		Debug|Any CPU = Debug|Any CPU
		Release|Any CPU = Release|Any CPU
	EndGlobalSection
	GlobalSection(ProjectConfigurationPlatforms) = postSolution
		{7F0798FB-0D7A-477C-B54D-4DD3586A3520}.Debug|Any CPU.ActiveCfg = Debug|Any CPU
		{7F0798FB-0D7A-477C-B54D-4DD3586A3520}.Debug|Any CPU.Build.0 = Debug|Any CPU
		{7F0798FB-0D7A-477C-B54D-4DD3586A3520}.Release|Any CPU.ActiveCfg = Debug|Any CPU
		{7F0798FB-0D7A-477C-B54D-4DD3586A3520}.Release|Any CPU.Build.0 = Debug|Any CPU
		{A4D13460-56BE-4177-A0F5-98F3887875C9}.Debug|Any CPU.ActiveCfg = Debug|Any CPU
		{A4D13460-56BE-4177-A0F5-98F3887875C9}.Release|Any CPU.ActiveCfg = Release|Any CPU
		{A4D13460-56BE-4177-A0F5-98F3887875C9}.Release|Any CPU.Build.0 = Release|Any CPU
		{CD50FEEF-C915-411D-9260-3BB3A025D8CD}.Debug|Any CPU.ActiveCfg = Debug|Any CPU
		{CD50FEEF-C915-411D-9260-3BB3A025D8CD}.Release|Any CPU.ActiveCfg = Release|Any CPU
		{CD50FEEF-C915-411D-9260-3BB3A025D8CD}.Release|Any CPU.Build.0 = Release|Any CPU
		{FA411E5A-1DC0-4885-A085-B6D205DA323A}.Debug|Any CPU.ActiveCfg = Debug|Any CPU
		{FA411E5A-1DC0-4885-A085-B6D205DA323A}.Release|Any CPU.ActiveCfg = Release|Any CPU
		{FA411E5A-1DC0-4885-A085-B6D205DA323A}.Release|Any CPU.Build.0 = Release|Any CPU
		{2F8A517C-F80D-4415-9CE9-1041F2D1FE09}.Debug|Any CPU.ActiveCfg = Debug|Any CPU
		{2F8A517C-F80D-4415-9CE9-1041F2D1FE09}.Release|Any CPU.ActiveCfg = Release|Any CPU
		{2F8A517C-F80D-4415-9CE9-1041F2D1FE09}.Release|Any CPU.Build.0 = Release|Any CPU
		{9C360423-FB2C-4D6E-8149-71836364952B}.Debug|Any CPU.ActiveCfg = Debug|Any CPU
		{9C360423-FB2C-4D6E-8149-71836364952B}.Debug|Any CPU.Build.0 = Debug|Any CPU
		{9C360423-FB2C-4D6E-8149-71836364952B}.Release|Any CPU.ActiveCfg = Release|Any CPU
		{9C360423-FB2C-4D6E-8149-71836364952B}.Release|Any CPU.Build.0 = Release|Any CPU
	EndGlobalSection
	GlobalSection(SolutionProperties) = preSolution
		HideSolutionNode = FALSE
	EndGlobalSection
	GlobalSection(NestedProjects) = preSolution
		{A4D13460-56BE-4177-A0F5-98F3887875C9} = {5C271BD3-C48A-4483-8B46-021258AE61ED}
		{CD50FEEF-C915-411D-9260-3BB3A025D8CD} = {8B0AB8D4-3D92-4E3E-8164-DC5964EEE7A2}
		{FA411E5A-1DC0-4885-A085-B6D205DA323A} = {0CB5DE5D-3964-420B-AACB-15E056D7AF6F}
		{2F8A517C-F80D-4415-9CE9-1041F2D1FE09} = {F74BD89C-FA6E-4261-B1A2-D6F7AA527869}
		{9C360423-FB2C-4D6E-8149-71836364952B} = {98955395-759A-4C1B-A4C1-800022F2EF55}
	EndGlobalSection
	GlobalSection(ExtensibilityGlobals) = postSolution
		SolutionGuid = {98E5B036-6B52-43C7-A95F-AA4259A2B531}
	EndGlobalSection
EndGlobal
